Microsoft Visual Studio Solution File, Format Version 12.00
# Visual Studio Version 17
VisualStudioVersion = 17.0.31903.59
MinimumVisualStudioVersion = 10.0.40219.1
Project("{2150E333-8FDC-42A3-9474-1A3956D46DE8}") = "src", "src", "{A1B2C3D4-E5F6-7890-ABCD-EF1234567890}"
EndProject
Project("{FAE04EC0-301F-11D3-BF4B-00C04F79EFBC}") = "HealthTech.Domain", "src\HealthTech.Domain\HealthTech.Domain.csproj", "{26CE5FE8-8747-46D6-9B20-DD3E127D5E39}"
EndProject
Project("{FAE04EC0-301F-11D3-BF4B-00C04F79EFBC}") = "HealthTech.Application", "src\HealthTech.Application\HealthTech.Application.csproj", "{DB8FA125-2198-42BE-A95A-A0A72484E929}"
EndProject
Project("{FAE04EC0-301F-11D3-BF4B-00C04F79EFBC}") = "HealthTech.Infrastructure", "src\HealthTech.Infrastructure\HealthTech.Infrastructure.csproj", "{06CDC972-1653-4865-9D6F-20EF41AC224A}"
EndProject
Project("{FAE04EC0-301F-11D3-BF4B-00C04F79EFBC}") = "HealthTech.API", "src\HealthTech.API\HealthTech.API.csproj", "{86EF795D-E50C-4543-ADC7-6DF05CF24835}"
EndProject
Project("{2150E333-8FDC-42A3-9474-1A3956D46DE8}") = "tests", "tests", "{A3C0CA5B-8D7D-4698-B449-8F4629EED2CF}"
EndProject
Project("{FAE04EC0-301F-11D3-BF4B-00C04F79EFBC}") = "HealthTech.Domain.Tests", "tests\HealthTech.Domain.Tests\HealthTech.Domain.Tests.csproj", "{5CE34A27-B908-4A4A-88A0-BCD22B102A65}"
EndProject
Project("{FAE04EC0-301F-11D3-BF4B-00C04F79EFBC}") = "HealthTech.Application.Tests", "tests\HealthTech.Application.Tests\HealthTech.Application.Tests.csproj", "{09504D09-E513-4057-8692-6A386E4D8A67}"
EndProject
Project("{FAE04EC0-301F-11D3-BF4B-00C04F79EFBC}") = "HealthTech.API.Tests", "tests\HealthTech.API.Tests\HealthTech.API.Tests.csproj", "{701B6184-60A5-46C5-AD54-4F891757476D}"
EndProject
Project("{FAE04EC0-301F-11D3-BF4B-00C04F79EFBC}") = "HealthTech.Database", "src\HealthTech.Database\HealthTech.Database.csproj", "{93DBAE25-5F81-4426-864C-B141D018149D}"
EndProject
Project("{2150E333-8FDC-42A3-9474-1A3956D46DE8}") = "sdk", "sdk", "{02EA681E-C7D8-13C7-8484-4AC65E1B71E8}"
EndProject
Project("{2150E333-8FDC-42A3-9474-1A3956D46DE8}") = "Hl7.Fhir", "Hl7.Fhir", "{C6945F30-3CF1-4BBF-AC04-ADB1923CD756}"
EndProject
Project("{FAE04EC0-301F-11D3-BF4B-00C04F79EFBC}") = "Hl7.Fhir.Base", "sdk\Hl7.Fhir\Hl7.Fhir.Base\Hl7.Fhir.Base.csproj", "{F4F2B20B-9EE6-82B9-0AF4-9770DDF870AC}"
EndProject
Project("{FAE04EC0-301F-11D3-BF4B-00C04F79EFBC}") = "Hl7.Fhir.Conformance", "sdk\Hl7.Fhir\Hl7.Fhir.Conformance\Hl7.Fhir.Conformance.csproj", "{698906F8-0535-E57D-3133-27416BA30ECE}"
EndProject
Project("{FAE04EC0-301F-11D3-BF4B-00C04F79EFBC}") = "Hl7.Fhir.R4B", "sdk\Hl7.Fhir\Hl7.Fhir.R4B\Hl7.Fhir.R4B.csproj", "{06B1E23D-4A20-AD4F-E8B2-5664054D91EB}"
EndProject
Project("{D954291E-2A0B-460D-934E-DC6B0785DB48}") = "Hl7.Fhir.Shims.Base", "sdk\Hl7.Fhir\Hl7.Fhir.Shims.Base\Hl7.Fhir.Shims.Base.shproj", "{150A59A2-371D-4747-8B08-C8E6340EC962}"
EndProject
Project("{D954291E-2A0B-460D-934E-DC6B0785DB48}") = "Hl7.Fhir.Shims.R4AndUp", "sdk\Hl7.Fhir\Hl7.Fhir.Shims.R4AndUp\Hl7.Fhir.Shims.R4AndUp.shproj", "{3D696D26-C0FF-4C6C-B3B7-CFFB4F74079F}"
EndProject
Project("{D954291E-2A0B-460D-934E-DC6B0785DB48}") = "Hl7.Fhir.Shims.STU3AndUp", "sdk\Hl7.Fhir\Hl7.Fhir.Shims.STU3AndUp\Hl7.Fhir.Shims.STU3AndUp.shproj", "{C1652FE8-B037-4DF2-8588-AAC5827AF7C7}"
EndProject
Global
	GlobalSection(SolutionConfigurationPlatforms) = preSolution
		Debug|Any CPU = Debug|Any CPU
		Release|Any CPU = Release|Any CPU
	EndGlobalSection
	GlobalSection(ProjectConfigurationPlatforms) = postSolution
		{26CE5FE8-8747-46D6-9B20-DD3E127D5E39}.Debug|Any CPU.ActiveCfg = Debug|Any CPU
		{26CE5FE8-8747-46D6-9B20-DD3E127D5E39}.Debug|Any CPU.Build.0 = Debug|Any CPU
		{26CE5FE8-8747-46D6-9B20-DD3E127D5E39}.Release|Any CPU.ActiveCfg = Release|Any CPU
		{26CE5FE8-8747-46D6-9B20-DD3E127D5E39}.Release|Any CPU.Build.0 = Release|Any CPU
		{DB8FA125-2198-42BE-A95A-A0A72484E929}.Debug|Any CPU.ActiveCfg = Debug|Any CPU
		{DB8FA125-2198-42BE-A95A-A0A72484E929}.Debug|Any CPU.Build.0 = Debug|Any CPU
		{DB8FA125-2198-42BE-A95A-A0A72484E929}.Release|Any CPU.ActiveCfg = Release|Any CPU
		{DB8FA125-2198-42BE-A95A-A0A72484E929}.Release|Any CPU.Build.0 = Release|Any CPU
		{06CDC972-1653-4865-9D6F-20EF41AC224A}.Debug|Any CPU.ActiveCfg = Debug|Any CPU
		{06CDC972-1653-4865-9D6F-20EF41AC224A}.Debug|Any CPU.Build.0 = Debug|Any CPU
		{06CDC972-1653-4865-9D6F-20EF41AC224A}.Release|Any CPU.ActiveCfg = Release|Any CPU
		{06CDC972-1653-4865-9D6F-20EF41AC224A}.Release|Any CPU.Build.0 = Release|Any CPU
		{86EF795D-E50C-4543-ADC7-6DF05CF24835}.Debug|Any CPU.ActiveCfg = Debug|Any CPU
		{86EF795D-E50C-4543-ADC7-6DF05CF24835}.Debug|Any CPU.Build.0 = Debug|Any CPU
		{86EF795D-E50C-4543-ADC7-6DF05CF24835}.Release|Any CPU.ActiveCfg = Release|Any CPU
		{86EF795D-E50C-4543-ADC7-6DF05CF24835}.Release|Any CPU.Build.0 = Release|Any CPU
		{5CE34A27-B908-4A4A-88A0-BCD22B102A65}.Debug|Any CPU.ActiveCfg = Debug|Any CPU
		{5CE34A27-B908-4A4A-88A0-BCD22B102A65}.Debug|Any CPU.Build.0 = Debug|Any CPU
		{5CE34A27-B908-4A4A-88A0-BCD22B102A65}.Release|Any CPU.ActiveCfg = Release|Any CPU
		{5CE34A27-B908-4A4A-88A0-BCD22B102A65}.Release|Any CPU.Build.0 = Release|Any CPU
		{09504D09-E513-4057-8692-6A386E4D8A67}.Debug|Any CPU.ActiveCfg = Debug|Any CPU
		{09504D09-E513-4057-8692-6A386E4D8A67}.Debug|Any CPU.Build.0 = Debug|Any CPU
		{09504D09-E513-4057-8692-6A386E4D8A67}.Release|Any CPU.ActiveCfg = Release|Any CPU
		{09504D09-E513-4057-8692-6A386E4D8A67}.Release|Any CPU.Build.0 = Release|Any CPU
		{701B6184-60A5-46C5-AD54-4F891757476D}.Debug|Any CPU.ActiveCfg = Debug|Any CPU
		{701B6184-60A5-46C5-AD54-4F891757476D}.Debug|Any CPU.Build.0 = Debug|Any CPU
		{701B6184-60A5-46C5-AD54-4F891757476D}.Release|Any CPU.ActiveCfg = Release|Any CPU
		{701B6184-60A5-46C5-AD54-4F891757476D}.Release|Any CPU.Build.0 = Release|Any CPU
		{93DBAE25-5F81-4426-864C-B141D018149D}.Debug|Any CPU.ActiveCfg = Debug|Any CPU
		{93DBAE25-5F81-4426-864C-B141D018149D}.Debug|Any CPU.Build.0 = Debug|Any CPU
		{93DBAE25-5F81-4426-864C-B141D018149D}.Release|Any CPU.ActiveCfg = Release|Any CPU
		{93DBAE25-5F81-4426-864C-B141D018149D}.Release|Any CPU.Build.0 = Release|Any CPU
		{F4F2B20B-9EE6-82B9-0AF4-9770DDF870AC}.Debug|Any CPU.ActiveCfg = Debug|Any CPU
		{F4F2B20B-9EE6-82B9-0AF4-9770DDF870AC}.Debug|Any CPU.Build.0 = Debug|Any CPU
		{F4F2B20B-9EE6-82B9-0AF4-9770DDF870AC}.Release|Any CPU.ActiveCfg = Release|Any CPU
		{F4F2B20B-9EE6-82B9-0AF4-9770DDF870AC}.Release|Any CPU.Build.0 = Release|Any CPU
		{698906F8-0535-E57D-3133-27416BA30ECE}.Debug|Any CPU.ActiveCfg = Debug|Any CPU
		{698906F8-0535-E57D-3133-27416BA30ECE}.Debug|Any CPU.Build.0 = Debug|Any CPU
		{698906F8-0535-E57D-3133-27416BA30ECE}.Release|Any CPU.ActiveCfg = Release|Any CPU
		{698906F8-0535-E57D-3133-27416BA30ECE}.Release|Any CPU.Build.0 = Release|Any CPU
		{06B1E23D-4A20-AD4F-E8B2-5664054D91EB}.Debug|Any CPU.ActiveCfg = Debug|Any CPU
		{06B1E23D-4A20-AD4F-E8B2-5664054D91EB}.Debug|Any CPU.Build.0 = Debug|Any CPU
		{06B1E23D-4A20-AD4F-E8B2-5664054D91EB}.Release|Any CPU.ActiveCfg = Release|Any CPU
		{06B1E23D-4A20-AD4F-E8B2-5664054D91EB}.Release|Any CPU.Build.0 = Release|Any CPU
	EndGlobalSection
	GlobalSection(SolutionProperties) = preSolution
		HideSolutionNode = FALSE
	EndGlobalSection
	GlobalSection(NestedProjects) = preSolution
		{26CE5FE8-8747-46D6-9B20-DD3E127D5E39} = {A1B2C3D4-E5F6-7890-ABCD-EF1234567890}
		{DB8FA125-2198-42BE-A95A-A0A72484E929} = {A1B2C3D4-E5F6-7890-ABCD-EF1234567890}
		{06CDC972-1653-4865-9D6F-20EF41AC224A} = {A1B2C3D4-E5F6-7890-ABCD-EF1234567890}
		{86EF795D-E50C-4543-ADC7-6DF05CF24835} = {A1B2C3D4-E5F6-7890-ABCD-EF1234567890}
		{5CE34A27-B908-4A4A-88A0-BCD22B102A65} = {A3C0CA5B-8D7D-4698-B449-8F4629EED2CF}
		{09504D09-E513-4057-8692-6A386E4D8A67} = {A3C0CA5B-8D7D-4698-B449-8F4629EED2CF}
		{701B6184-60A5-46C5-AD54-4F891757476D} = {A3C0CA5B-8D7D-4698-B449-8F4629EED2CF}
		{93DBAE25-5F81-4426-864C-B141D018149D} = {A1B2C3D4-E5F6-7890-ABCD-EF1234567890}
		{C6945F30-3CF1-4BBF-AC04-ADB1923CD756} = {02EA681E-C7D8-13C7-8484-4AC65E1B71E8}
		{F4F2B20B-9EE6-82B9-0AF4-9770DDF870AC} = {C6945F30-3CF1-4BBF-AC04-ADB1923CD756}
		{698906F8-0535-E57D-3133-27416BA30ECE} = {C6945F30-3CF1-4BBF-AC04-ADB1923CD756}
		{06B1E23D-4A20-AD4F-E8B2-5664054D91EB} = {C6945F30-3CF1-4BBF-AC04-ADB1923CD756}
		{150A59A2-371D-4747-8B08-C8E6340EC962} = {C6945F30-3CF1-4BBF-AC04-ADB1923CD756}
		{3D696D26-C0FF-4C6C-B3B7-CFFB4F74079F} = {C6945F30-3CF1-4BBF-AC04-ADB1923CD756}
		{C1652FE8-B037-4DF2-8588-AAC5827AF7C7} = {C6945F30-3CF1-4BBF-AC04-ADB1923CD756}
	EndGlobalSection
	GlobalSection(ExtensibilityGlobals) = postSolution
		SolutionGuid = {AB6F1A3A-A59B-4067-88C3-65694B5B0D65}
	EndGlobalSection
	GlobalSection(SharedMSBuildProjectFiles) = preSolution
		sdk\Hl7.Fhir\Hl7.Fhir.Shims.R4AndUp\Hl7.Fhir.Shims.R4AndUp.projitems*{06b1e23d-4a20-ad4f-e8b2-5664054d91eb}*SharedItemsImports = 5
		sdk\Hl7.Fhir\Hl7.Fhir.Shims.STU3AndUp\Hl7.Fhir.Shims.STU3AndUp.projitems*{06b1e23d-4a20-ad4f-e8b2-5664054d91eb}*SharedItemsImports = 5
		sdk\Hl7.Fhir\Hl7.Fhir.Shims.Base\Hl7.Fhir.Shims.Base.projitems*{150a59a2-371d-4747-8b08-c8e6340ec962}*SharedItemsImports = 13
		sdk\Hl7.Fhir\Hl7.Fhir.Shims.R4AndUp\Hl7.Fhir.Shims.R4AndUp.projitems*{3d696d26-c0ff-4c6c-b3b7-cffb4f74079f}*SharedItemsImports = 13
		sdk\Hl7.Fhir\Hl7.Fhir.Shims.Base\Hl7.Fhir.Shims.Base.projitems*{698906f8-0535-e57d-3133-27416ba30ece}*SharedItemsImports = 5
		sdk\Hl7.Fhir\Hl7.Fhir.Shims.STU3AndUp\Hl7.Fhir.Shims.STU3AndUp.projitems*{c1652fe8-b037-4df2-8588-aac5827af7c7}*SharedItemsImports = 13
	EndGlobalSection
EndGlobal
