Microsoft Visual Studio Solution File, Format Version 12.00
# Visual Studio Version 17
VisualStudioVersion = 17.0.31903.59
MinimumVisualStudioVersion = 10.0.40219.1
Project("{2150E333-8FDC-42A3-9474-1A3956D46DE8}") = "src", "src", "{A1B2C3D4-E5F6-7890-ABCD-EF1234567890}"
EndProject
Project("{FAE04EC0-301F-11D3-BF4B-00C04F79EFBC}") = "HealthTech.Domain", "src\HealthTech.Domain\HealthTech.Domain.csproj", "{26CE5FE8-8747-46D6-9B20-DD3E127D5E39}"
EndProject
Project("{FAE04EC0-301F-11D3-BF4B-00C04F79EFBC}") = "HealthTech.Application", "src\HealthTech.Application\HealthTech.Application.csproj", "{DB8FA125-2198-42BE-A95A-A0A72484E929}"
EndProject
Project("{FAE04EC0-301F-11D3-BF4B-00C04F79EFBC}") = "HealthTech.Infrastructure", "src\HealthTech.Infrastructure\HealthTech.Infrastructure.csproj", "{06CDC972-1653-4865-9D6F-20EF41AC224A}"
EndProject
Project("{FAE04EC0-301F-11D3-BF4B-00C04F79EFBC}") = "HealthTech.API", "src\HealthTech.API\HealthTech.API.csproj", "{86EF795D-E50C-4543-ADC7-6DF05CF24835}"
EndProject
Project("{2150E333-8FDC-42A3-9474-1A3956D46DE8}") = "tests", "tests", "{A3C0CA5B-8D7D-4698-B449-8F4629EED2CF}"
EndProject
Project("{FAE04EC0-301F-11D3-BF4B-00C04F79EFBC}") = "HealthTech.Domain.Tests", "tests\HealthTech.Domain.Tests\HealthTech.Domain.Tests.csproj", "{5CE34A27-B908-4A4A-88A0-BCD22B102A65}"
EndProject
Project("{FAE04EC0-301F-11D3-BF4B-00C04F79EFBC}") = "HealthTech.Application.Tests", "tests\HealthTech.Application.Tests\HealthTech.Application.Tests.csproj", "{09504D09-E513-4057-8692-6A386E4D8A67}"
EndProject
Project("{FAE04EC0-301F-11D3-BF4B-00C04F79EFBC}") = "HealthTech.API.Tests", "tests\HealthTech.API.Tests\HealthTech.API.Tests.csproj", "{701B6184-60A5-46C5-AD54-4F891757476D}"
EndProject
Project("{2150E333-8FDC-42A3-9474-1A3956D46DE8}") = "tools", "tools", "{F4093A0A-9B4E-41F5-85BE-5AEBDC2475A9}"
EndProject
Project("{FAE04EC0-301F-11D3-BF4B-00C04F79EFBC}") = "HealthTech.Database", "src\HealthTech.Database\HealthTech.Database.csproj", "{93DBAE25-5F81-4426-864C-B141D018149D}"
EndProject
Global
	GlobalSection(SolutionConfigurationPlatforms) = preSolution
		Debug|Any CPU = Debug|Any CPU
		Release|Any CPU = Release|Any CPU
	EndGlobalSection
	GlobalSection(ProjectConfigurationPlatforms) = postSolution
		{26CE5FE8-8747-46D6-9B20-DD3E127D5E39}.Debug|Any CPU.ActiveCfg = Debug|Any CPU
		{26CE5FE8-8747-46D6-9B20-DD3E127D5E39}.Debug|Any CPU.Build.0 = Debug|Any CPU
		{26CE5FE8-8747-46D6-9B20-DD3E127D5E39}.Release|Any CPU.ActiveCfg = Release|Any CPU
		{26CE5FE8-8747-46D6-9B20-DD3E127D5E39}.Release|Any CPU.Build.0 = Release|Any CPU
		{DB8FA125-2198-42BE-A95A-A0A72484E929}.Debug|Any CPU.ActiveCfg = Debug|Any CPU
		{DB8FA125-2198-42BE-A95A-A0A72484E929}.Debug|Any CPU.Build.0 = Debug|Any CPU
		{DB8FA125-2198-42BE-A95A-A0A72484E929}.Release|Any CPU.ActiveCfg = Release|Any CPU
		{DB8FA125-2198-42BE-A95A-A0A72484E929}.Release|Any CPU.Build.0 = Release|Any CPU
		{06CDC972-1653-4865-9D6F-20EF41AC224A}.Debug|Any CPU.ActiveCfg = Debug|Any CPU
		{06CDC972-1653-4865-9D6F-20EF41AC224A}.Debug|Any CPU.Build.0 = Debug|Any CPU
		{06CDC972-1653-4865-9D6F-20EF41AC224A}.Release|Any CPU.ActiveCfg = Release|Any CPU
		{06CDC972-1653-4865-9D6F-20EF41AC224A}.Release|Any CPU.Build.0 = Release|Any CPU
		{86EF795D-E50C-4543-ADC7-6DF05CF24835}.Debug|Any CPU.ActiveCfg = Debug|Any CPU
		{86EF795D-E50C-4543-ADC7-6DF05CF24835}.Debug|Any CPU.Build.0 = Debug|Any CPU
		{86EF795D-E50C-4543-ADC7-6DF05CF24835}.Release|Any CPU.ActiveCfg = Release|Any CPU
		{86EF795D-E50C-4543-ADC7-6DF05CF24835}.Release|Any CPU.Build.0 = Release|Any CPU
		{5CE34A27-B908-4A4A-88A0-BCD22B102A65}.Debug|Any CPU.ActiveCfg = Debug|Any CPU
		{5CE34A27-B908-4A4A-88A0-BCD22B102A65}.Debug|Any CPU.Build.0 = Debug|Any CPU
		{5CE34A27-B908-4A4A-88A0-BCD22B102A65}.Release|Any CPU.ActiveCfg = Release|Any CPU
		{5CE34A27-B908-4A4A-88A0-BCD22B102A65}.Release|Any CPU.Build.0 = Release|Any CPU
		{09504D09-E513-4057-8692-6A386E4D8A67}.Debug|Any CPU.ActiveCfg = Debug|Any CPU
		{09504D09-E513-4057-8692-6A386E4D8A67}.Debug|Any CPU.Build.0 = Debug|Any CPU
		{09504D09-E513-4057-8692-6A386E4D8A67}.Release|Any CPU.ActiveCfg = Release|Any CPU
		{09504D09-E513-4057-8692-6A386E4D8A67}.Release|Any CPU.Build.0 = Release|Any CPU
		{701B6184-60A5-46C5-AD54-4F891757476D}.Debug|Any CPU.ActiveCfg = Debug|Any CPU
		{701B6184-60A5-46C5-AD54-4F891757476D}.Debug|Any CPU.Build.0 = Debug|Any CPU
		{701B6184-60A5-46C5-AD54-4F891757476D}.Release|Any CPU.ActiveCfg = Release|Any CPU
		{701B6184-60A5-46C5-AD54-4F891757476D}.Release|Any CPU.Build.0 = Release|Any CPU
		{93DBAE25-5F81-4426-864C-B141D018149D}.Debug|Any CPU.ActiveCfg = Debug|Any CPU
		{93DBAE25-5F81-4426-864C-B141D018149D}.Debug|Any CPU.Build.0 = Debug|Any CPU
		{93DBAE25-5F81-4426-864C-B141D018149D}.Release|Any CPU.ActiveCfg = Release|Any CPU
		{93DBAE25-5F81-4426-864C-B141D018149D}.Release|Any CPU.Build.0 = Release|Any CPU
	EndGlobalSection
	GlobalSection(SolutionProperties) = preSolution
		HideSolutionNode = FALSE
	EndGlobalSection
	GlobalSection(NestedProjects) = preSolution
		{5CE34A27-B908-4A4A-88A0-BCD22B102A65} = {A3C0CA5B-8D7D-4698-B449-8F4629EED2CF}
		{09504D09-E513-4057-8692-6A386E4D8A67} = {A3C0CA5B-8D7D-4698-B449-8F4629EED2CF}
		{701B6184-60A5-46C5-AD54-4F891757476D} = {A3C0CA5B-8D7D-4698-B449-8F4629EED2CF}
	EndGlobalSection
EndGlobal
